// !$*UTF8*$!
{
	archiveVersion = 1;
	classes = {
	};
	objectVersion = 50;
	objects = {

/* Begin PBXBuildFile section */
		7C40FC6D24C8E6CD003950DC /* AppDelegate.swift in Sources */ = {isa = PBXBuildFile; fileRef = 7C40FC6C24C8E6CD003950DC /* AppDelegate.swift */; };
		7C40FC6F24C8E6CD003950DC /* SceneDelegate.swift in Sources */ = {isa = PBXBuildFile; fileRef = 7C40FC6E24C8E6CD003950DC /* SceneDelegate.swift */; };
		7C40FC7424C8E6CD003950DC /* Main.storyboard in Resources */ = {isa = PBXBuildFile; fileRef = 7C40FC7224C8E6CD003950DC /* Main.storyboard */; };
		7C40FC7624C8E6CE003950DC /* Assets.xcassets in Resources */ = {isa = PBXBuildFile; fileRef = 7C40FC7524C8E6CE003950DC /* Assets.xcassets */; };
		7C40FC7924C8E6CE003950DC /* LaunchScreen.storyboard in Resources */ = {isa = PBXBuildFile; fileRef = 7C40FC7724C8E6CE003950DC /* LaunchScreen.storyboard */; };
		7C40FC8124C8E70F003950DC /* TableViewController.swift in Sources */ = {isa = PBXBuildFile; fileRef = 7C40FC8024C8E70F003950DC /* TableViewController.swift */; };
		7C40FC8324C8E7B3003950DC /* movies.json in Resources */ = {isa = PBXBuildFile; fileRef = 7C40FC8224C8E7B3003950DC /* movies.json */; };
		7C47B33424C8E91800AFCC6F /* Movie.swift in Sources */ = {isa = PBXBuildFile; fileRef = 7C47B33324C8E91800AFCC6F /* Movie.swift */; };
		7C47B33624C8E96700AFCC6F /* Utils.swift in Sources */ = {isa = PBXBuildFile; fileRef = 7C47B33524C8E96700AFCC6F /* Utils.swift */; };
		7C47B33824C8EE0300AFCC6F /* MovieDetail.swift in Sources */ = {isa = PBXBuildFile; fileRef = 7C47B33724C8EE0300AFCC6F /* MovieDetail.swift */; };
/* End PBXBuildFile section */

/* Begin PBXFileReference section */
		7C40FC6924C8E6CD003950DC /* UIKit SwiftUI.app */ = {isa = PBXFileReference; explicitFileType = wrapper.application; includeInIndex = 0; path = "UIKit SwiftUI.app"; sourceTree = BUILT_PRODUCTS_DIR; };
		7C40FC6C24C8E6CD003950DC /* AppDelegate.swift */ = {isa = PBXFileReference; lastKnownFileType = sourcecode.swift; path = AppDelegate.swift; sourceTree = "<group>"; };
		7C40FC6E24C8E6CD003950DC /* SceneDelegate.swift */ = {isa = PBXFileReference; lastKnownFileType = sourcecode.swift; path = SceneDelegate.swift; sourceTree = "<group>"; };
		7C40FC7324C8E6CD003950DC /* Base */ = {isa = PBXFileReference; lastKnownFileType = file.storyboard; name = Base; path = Base.lproj/Main.storyboard; sourceTree = "<group>"; };
		7C40FC7524C8E6CE003950DC /* Assets.xcassets */ = {isa = PBXFileReference; lastKnownFileType = folder.assetcatalog; path = Assets.xcassets; sourceTree = "<group>"; };
		7C40FC7824C8E6CE003950DC /* Base */ = {isa = PBXFileReference; lastKnownFileType = file.storyboard; name = Base; path = Base.lproj/LaunchScreen.storyboard; sourceTree = "<group>"; };
		7C40FC7A24C8E6CE003950DC /* Info.plist */ = {isa = PBXFileReference; lastKnownFileType = text.plist.xml; path = Info.plist; sourceTree = "<group>"; };
		7C40FC8024C8E70F003950DC /* TableViewController.swift */ = {isa = PBXFileReference; lastKnownFileType = sourcecode.swift; path = TableViewController.swift; sourceTree = "<group>"; };
		7C40FC8224C8E7B3003950DC /* movies.json */ = {isa = PBXFileReference; lastKnownFileType = text.json; path = movies.json; sourceTree = "<group>"; };
		7C47B33324C8E91800AFCC6F /* Movie.swift */ = {isa = PBXFileReference; lastKnownFileType = sourcecode.swift; path = Movie.swift; sourceTree = "<group>"; };
		7C47B33524C8E96700AFCC6F /* Utils.swift */ = {isa = PBXFileReference; lastKnownFileType = sourcecode.swift; path = Utils.swift; sourceTree = "<group>"; };
		7C47B33724C8EE0300AFCC6F /* MovieDetail.swift */ = {isa = PBXFileReference; lastKnownFileType = sourcecode.swift; path = MovieDetail.swift; sourceTree = "<group>"; };
/* End PBXFileReference section */

/* Begin PBXFrameworksBuildPhase section */
		7C40FC6624C8E6CD003950DC /* Frameworks */ = {
			isa = PBXFrameworksBuildPhase;
			buildActionMask = 2147483647;
			files = (
			);
			runOnlyForDeploymentPostprocessing = 0;
		};
/* End PBXFrameworksBuildPhase section */

/* Begin PBXGroup section */
		7C40FC6024C8E6CD003950DC = {
			isa = PBXGroup;
			children = (
				7C40FC6B24C8E6CD003950DC /* UIKit SwiftUI */,
				7C40FC6A24C8E6CD003950DC /* Products */,
			);
			sourceTree = "<group>";
		};
		7C40FC6A24C8E6CD003950DC /* Products */ = {
			isa = PBXGroup;
			children = (
				7C40FC6924C8E6CD003950DC /* UIKit SwiftUI.app */,
			);
			name = Products;
			sourceTree = "<group>";
		};
		7C40FC6B24C8E6CD003950DC /* UIKit SwiftUI */ = {
			isa = PBXGroup;
			children = (
				7C47B33224C8E90B00AFCC6F /* Model */,
				7C40FC6C24C8E6CD003950DC /* AppDelegate.swift */,
				7C40FC6E24C8E6CD003950DC /* SceneDelegate.swift */,
				7C40FC8024C8E70F003950DC /* TableViewController.swift */,
				7C47B33724C8EE0300AFCC6F /* MovieDetail.swift */,
				7C40FC7224C8E6CD003950DC /* Main.storyboard */,
				7C40FC7524C8E6CE003950DC /* Assets.xcassets */,
				7C40FC7724C8E6CE003950DC /* LaunchScreen.storyboard */,
				7C40FC7A24C8E6CE003950DC /* Info.plist */,
				7C40FC8224C8E7B3003950DC /* movies.json */,
				7C47B33524C8E96700AFCC6F /* Utils.swift */,
			);
			path = "UIKit SwiftUI";
			sourceTree = "<group>";
		};
		7C47B33224C8E90B00AFCC6F /* Model */ = {
			isa = PBXGroup;
			children = (
				7C47B33324C8E91800AFCC6F /* Movie.swift */,
			);
			path = Model;
			sourceTree = "<group>";
		};
/* End PBXGroup section */

/* Begin PBXNativeTarget section */
		7C40FC6824C8E6CD003950DC /* UIKit SwiftUI */ = {
			isa = PBXNativeTarget;
			buildConfigurationList = 7C40FC7D24C8E6CF003950DC /* Build configuration list for PBXNativeTarget "UIKit SwiftUI" */;
			buildPhases = (
				7C40FC6524C8E6CD003950DC /* Sources */,
				7C40FC6624C8E6CD003950DC /* Frameworks */,
				7C40FC6724C8E6CD003950DC /* Resources */,
			);
			buildRules = (
			);
			dependencies = (
			);
			name = "UIKit SwiftUI";
			productName = "UIKit SwiftUI";
			productReference = 7C40FC6924C8E6CD003950DC /* UIKit SwiftUI.app */;
			productType = "com.apple.product-type.application";
		};
/* End PBXNativeTarget section */

/* Begin PBXProject section */
		7C40FC6124C8E6CD003950DC /* Project object */ = {
			isa = PBXProject;
			attributes = {
				LastSwiftUpdateCheck = 1160;
				LastUpgradeCheck = 1160;
				ORGANIZATIONNAME = Kobe;
				TargetAttributes = {
					7C40FC6824C8E6CD003950DC = {
						CreatedOnToolsVersion = 11.6;
					};
				};
			};
			buildConfigurationList = 7C40FC6424C8E6CD003950DC /* Build configuration list for PBXProject "UIKit SwiftUI" */;
			compatibilityVersion = "Xcode 9.3";
			developmentRegion = en;
			hasScannedForEncodings = 0;
			knownRegions = (
				en,
				Base,
			);
			mainGroup = 7C40FC6024C8E6CD003950DC;
			productRefGroup = 7C40FC6A24C8E6CD003950DC /* Products */;
			projectDirPath = "";
			projectRoot = "";
			targets = (
				7C40FC6824C8E6CD003950DC /* UIKit SwiftUI */,
			);
		};
/* End PBXProject section */

/* Begin PBXResourcesBuildPhase section */
		7C40FC6724C8E6CD003950DC /* Resources */ = {
			isa = PBXResourcesBuildPhase;
			buildActionMask = 2147483647;
			files = (
				7C40FC7924C8E6CE003950DC /* LaunchScreen.storyboard in Resources */,
				7C40FC7624C8E6CE003950DC /* Assets.xcassets in Resources */,
				7C40FC8324C8E7B3003950DC /* movies.json in Resources */,
				7C40FC7424C8E6CD003950DC /* Main.storyboard in Resources */,
			);
			runOnlyForDeploymentPostprocessing = 0;
		};
/* End PBXResourcesBuildPhase section */

/* Begin PBXSourcesBuildPhase section */
		7C40FC6524C8E6CD003950DC /* Sources */ = {
			isa = PBXSourcesBuildPhase;
			buildActionMask = 2147483647;
			files = (
				7C47B33624C8E96700AFCC6F /* Utils.swift in Sources */,
				7C40FC6D24C8E6CD003950DC /* AppDelegate.swift in Sources */,
				7C40FC8124C8E70F003950DC /* TableViewController.swift in Sources */,
				7C47B33824C8EE0300AFCC6F /* MovieDetail.swift in Sources */,
				7C47B33424C8E91800AFCC6F /* Movie.swift in Sources */,
				7C40FC6F24C8E6CD003950DC /* SceneDelegate.swift in Sources */,
			);
			runOnlyForDeploymentPostprocessing = 0;
		};
/* End PBXSourcesBuildPhase section */

/* Begin PBXVariantGroup section */
		7C40FC7224C8E6CD003950DC /* Main.storyboard */ = {
			isa = PBXVariantGroup;
			children = (
				7C40FC7324C8E6CD003950DC /* Base */,
			);
			name = Main.storyboard;
			sourceTree = "<group>";
		};
		7C40FC7724C8E6CE003950DC /* LaunchScreen.storyboard */ = {
			isa = PBXVariantGroup;
			children = (
				7C40FC7824C8E6CE003950DC /* Base */,
			);
			name = LaunchScreen.storyboard;
			sourceTree = "<group>";
		};
/* End PBXVariantGroup section */

/* Begin XCBuildConfiguration section */
		7C40FC7B24C8E6CF003950DC /* Debug */ = {
			isa = XCBuildConfiguration;
			buildSettings = {
				ALWAYS_SEARCH_USER_PATHS = NO;
				CLANG_ANALYZER_NONNULL = YES;
				CLANG_ANALYZER_NUMBER_OBJECT_CONVERSION = YES_AGGRESSIVE;
				CLANG_CXX_LANGUAGE_STANDARD = "gnu++14";
				CLANG_CXX_LIBRARY = "libc++";
				CLANG_ENABLE_MODULES = YES;
				CLANG_ENABLE_OBJC_ARC = YES;
				CLANG_ENABLE_OBJC_WEAK = YES;
				CLANG_WARN_BLOCK_CAPTURE_AUTORELEASING = YES;
				CLANG_WARN_BOOL_CONVERSION = YES;
				CLANG_WARN_COMMA = YES;
				CLANG_WARN_CONSTANT_CONVERSION = YES;
				CLANG_WARN_DEPRECATED_OBJC_IMPLEMENTATIONS = YES;
				CLANG_WARN_DIRECT_OBJC_ISA_USAGE = YES_ERROR;
				CLANG_WARN_DOCUMENTATION_COMMENTS = YES;
				CLANG_WARN_EMPTY_BODY = YES;
				CLANG_WARN_ENUM_CONVERSION = YES;
				CLANG_WARN_INFINITE_RECURSION = YES;
				CLANG_WARN_INT_CONVERSION = YES;
				CLANG_WARN_NON_LITERAL_NULL_CONVERSION = YES;
				CLANG_WARN_OBJC_IMPLICIT_RETAIN_SELF = YES;
				CLANG_WARN_OBJC_LITERAL_CONVERSION = YES;
				CLANG_WARN_OBJC_ROOT_CLASS = YES_ERROR;
				CLANG_WARN_RANGE_LOOP_ANALYSIS = YES;
				CLANG_WARN_STRICT_PROTOTYPES = YES;
				CLANG_WARN_SUSPICIOUS_MOVE = YES;
				CLANG_WARN_UNGUARDED_AVAILABILITY = YES_AGGRESSIVE;
				CLANG_WARN_UNREACHABLE_CODE = YES;
				CLANG_WARN__DUPLICATE_METHOD_MATCH = YES;
				COPY_PHASE_STRIP = NO;
				DEBUG_INFORMATION_FORMAT = dwarf;
				ENABLE_STRICT_OBJC_MSGSEND = YES;
				ENABLE_TESTABILITY = YES;
				GCC_C_LANGUAGE_STANDARD = gnu11;
				GCC_DYNAMIC_NO_PIC = NO;
				GCC_NO_COMMON_BLOCKS = YES;
				GCC_OPTIMIZATION_LEVEL = 0;
				GCC_PREPROCESSOR_DEFINITIONS = (
					"DEBUG=1",
					"$(inherited)",
				);
				GCC_WARN_64_TO_32_BIT_CONVERSION = YES;
				GCC_WARN_ABOUT_RETURN_TYPE = YES_ERROR;
				GCC_WARN_UNDECLARED_SELECTOR = YES;
				GCC_WARN_UNINITIALIZED_AUTOS = YES_AGGRESSIVE;
				GCC_WARN_UNUSED_FUNCTION = YES;
				GCC_WARN_UNUSED_VARIABLE = YES;
				IPHONEOS_DEPLOYMENT_TARGET = 13.6;
				MTL_ENABLE_DEBUG_INFO = INCLUDE_SOURCE;
				MTL_FAST_MATH = YES;
				ONLY_ACTIVE_ARCH = YES;
				SDKROOT = iphoneos;
				SWIFT_ACTIVE_COMPILATION_CONDITIONS = DEBUG;
				SWIFT_OPTIMIZATION_LEVEL = "-Onone";
			};
			name = Debug;
		};
		7C40FC7C24C8E6CF003950DC /* Release */ = {
			isa = XCBuildConfiguration;
			buildSettings = {
				ALWAYS_SEARCH_USER_PATHS = NO;
				CLANG_ANALYZER_NONNULL = YES;
				CLANG_ANALYZER_NUMBER_OBJECT_CONVERSION = YES_AGGRESSIVE;
				CLANG_CXX_LANGUAGE_STANDARD = "gnu++14";
				CLANG_CXX_LIBRARY = "libc++";
				CLANG_ENABLE_MODULES = YES;
				CLANG_ENABLE_OBJC_ARC = YES;
				CLANG_ENABLE_OBJC_WEAK = YES;
				CLANG_WARN_BLOCK_CAPTURE_AUTORELEASING = YES;
				CLANG_WARN_BOOL_CONVERSION = YES;
				CLANG_WARN_COMMA = YES;
				CLANG_WARN_CONSTANT_CONVERSION = YES;
				CLANG_WARN_DEPRECATED_OBJC_IMPLEMENTATIONS = YES;
				CLANG_WARN_DIRECT_OBJC_ISA_USAGE = YES_ERROR;
				CLANG_WARN_DOCUMENTATION_COMMENTS = YES;
				CLANG_WARN_EMPTY_BODY = YES;
				CLANG_WARN_ENUM_CONVERSION = YES;
				CLANG_WARN_INFINITE_RECURSION = YES;
				CLANG_WARN_INT_CONVERSION = YES;
				CLANG_WARN_NON_LITERAL_NULL_CONVERSION = YES;
				CLANG_WARN_OBJC_IMPLICIT_RETAIN_SELF = YES;
				CLANG_WARN_OBJC_LITERAL_CONVERSION = YES;
				CLANG_WARN_OBJC_ROOT_CLASS = YES_ERROR;
				CLANG_WARN_RANGE_LOOP_ANALYSIS = YES;
				CLANG_WARN_STRICT_PROTOTYPES = YES;
				CLANG_WARN_SUSPICIOUS_MOVE = YES;
				CLANG_WARN_UNGUARDED_AVAILABILITY = YES_AGGRESSIVE;
				CLANG_WARN_UNREACHABLE_CODE = YES;
				CLANG_WARN__DUPLICATE_METHOD_MATCH = YES;
				COPY_PHASE_STRIP = NO;
				DEBUG_INFORMATION_FORMAT = "dwarf-with-dsym";
				ENABLE_NS_ASSERTIONS = NO;
				ENABLE_STRICT_OBJC_MSGSEND = YES;
				GCC_C_LANGUAGE_STANDARD = gnu11;
				GCC_NO_COMMON_BLOCKS = YES;
				GCC_WARN_64_TO_32_BIT_CONVERSION = YES;
				GCC_WARN_ABOUT_RETURN_TYPE = YES_ERROR;
				GCC_WARN_UNDECLARED_SELECTOR = YES;
				GCC_WARN_UNINITIALIZED_AUTOS = YES_AGGRESSIVE;
				GCC_WARN_UNUSED_FUNCTION = YES;
				GCC_WARN_UNUSED_VARIABLE = YES;
				IPHONEOS_DEPLOYMENT_TARGET = 13.6;
				MTL_ENABLE_DEBUG_INFO = NO;
				MTL_FAST_MATH = YES;
				SDKROOT = iphoneos;
				SWIFT_COMPILATION_MODE = wholemodule;
				SWIFT_OPTIMIZATION_LEVEL = "-O";
				VALIDATE_PRODUCT = YES;
			};
			name = Release;
		};
		7C40FC7E24C8E6CF003950DC /* Debug */ = {
			isa = XCBuildConfiguration;
			buildSettings = {
				ASSETCATALOG_COMPILER_APPICON_NAME = AppIcon;
				CODE_SIGN_STYLE = Automatic;
				DEVELOPMENT_TEAM = L86J8X38JC;
				INFOPLIST_FILE = "UIKit SwiftUI/Info.plist";
				LD_RUNPATH_SEARCH_PATHS = (
					"$(inherited)",
					"@executable_path/Frameworks",
				);
				PRODUCT_BUNDLE_IDENTIFIER = "br.com.kobe.UIKit-SwiftUI";
				PRODUCT_NAME = "$(TARGET_NAME)";
				SWIFT_VERSION = 5.0;
				TARGETED_DEVICE_FAMILY = "1,2";
			};
			name = Debug;
		};
		7C40FC7F24C8E6CF003950DC /* Release */ = {
			isa = XCBuildConfiguration;
			buildSettings = {
				ASSETCATALOG_COMPILER_APPICON_NAME = AppIcon;
				CODE_SIGN_STYLE = Automatic;
				DEVELOPMENT_TEAM = L86J8X38JC;
				INFOPLIST_FILE = "UIKit SwiftUI/Info.plist";
				LD_RUNPATH_SEARCH_PATHS = (
					"$(inherited)",
					"@executable_path/Frameworks",
				);
				PRODUCT_BUNDLE_IDENTIFIER = "br.com.kobe.UIKit-SwiftUI";
				PRODUCT_NAME = "$(TARGET_NAME)";
				SWIFT_VERSION = 5.0;
				TARGETED_DEVICE_FAMILY = "1,2";
			};
			name = Release;
		};
/* End XCBuildConfiguration section */

/* Begin XCConfigurationList section */
		7C40FC6424C8E6CD003950DC /* Build configuration list for PBXProject "UIKit SwiftUI" */ = {
			isa = XCConfigurationList;
			buildConfigurations = (
				7C40FC7B24C8E6CF003950DC /* Debug */,
				7C40FC7C24C8E6CF003950DC /* Release */,
			);
			defaultConfigurationIsVisible = 0;
			defaultConfigurationName = Release;
		};
		7C40FC7D24C8E6CF003950DC /* Build configuration list for PBXNativeTarget "UIKit SwiftUI" */ = {
			isa = XCConfigurationList;
			buildConfigurations = (
				7C40FC7E24C8E6CF003950DC /* Debug */,
				7C40FC7F24C8E6CF003950DC /* Release */,
			);
			defaultConfigurationIsVisible = 0;
			defaultConfigurationName = Release;
		};
/* End XCConfigurationList section */
	};
	rootObject = 7C40FC6124C8E6CD003950DC /* Project object */;
}
